
Microsoft Visual Studio Solution File, Format Version 12.00
# Visual Studio Version 16
VisualStudioVersion = 16.0.29609.76
MinimumVisualStudioVersion = 10.0.40219.1
Project("{9A19103F-16F7-4668-BE54-9A1E7A4F7556}") = "CacheDemo", "CacheDemo\CacheDemo.csproj", "{057E6491-E84C-4042-A977-089999DE5F29}"
EndProject
Project("{9A19103F-16F7-4668-BE54-9A1E7A4F7556}") = "NetCoreServiceDependencyInjectionTest", "NetCoreServiceDependenceInjectTest\NetCoreServiceDependencyInjectionTest.csproj", "{E7F64EB7-931E-405D-83DF-47BB3F6ADC84}"
EndProject
Project("{FAE04EC0-301F-11D3-BF4B-00C04F79EFBC}") = "RabbitMqDemo", "RabbitMqDemo\RabbitMqDemo\RabbitMqDemo.csproj", "{8DB45F18-DAC9-463B-A065-24CA61FCCDDD}"
EndProject
Global
	GlobalSection(SolutionConfigurationPlatforms) = preSolution
		Debug|Any CPU = Debug|Any CPU
		Release|Any CPU = Release|Any CPU
	EndGlobalSection
	GlobalSection(ProjectConfigurationPlatforms) = postSolution
		{057E6491-E84C-4042-A977-089999DE5F29}.Debug|Any CPU.ActiveCfg = Debug|Any CPU
		{057E6491-E84C-4042-A977-089999DE5F29}.Debug|Any CPU.Build.0 = Debug|Any CPU
		{057E6491-E84C-4042-A977-089999DE5F29}.Release|Any CPU.ActiveCfg = Release|Any CPU
		{057E6491-E84C-4042-A977-089999DE5F29}.Release|Any CPU.Build.0 = Release|Any CPU
		{E7F64EB7-931E-405D-83DF-47BB3F6ADC84}.Debug|Any CPU.ActiveCfg = Debug|Any CPU
		{E7F64EB7-931E-405D-83DF-47BB3F6ADC84}.Debug|Any CPU.Build.0 = Debug|Any CPU
		{E7F64EB7-931E-405D-83DF-47BB3F6ADC84}.Release|Any CPU.ActiveCfg = Release|Any CPU
		{E7F64EB7-931E-405D-83DF-47BB3F6ADC84}.Release|Any CPU.Build.0 = Release|Any CPU
		{8DB45F18-DAC9-463B-A065-24CA61FCCDDD}.Debug|Any CPU.ActiveCfg = Debug|Any CPU
		{8DB45F18-DAC9-463B-A065-24CA61FCCDDD}.Debug|Any CPU.Build.0 = Debug|Any CPU
		{8DB45F18-DAC9-463B-A065-24CA61FCCDDD}.Release|Any CPU.ActiveCfg = Release|Any CPU
		{8DB45F18-DAC9-463B-A065-24CA61FCCDDD}.Release|Any CPU.Build.0 = Release|Any CPU
	EndGlobalSection
	GlobalSection(SolutionProperties) = preSolution
		HideSolutionNode = FALSE
	EndGlobalSection
	GlobalSection(ExtensibilityGlobals) = postSolution
		SolutionGuid = {D837F756-A478-4C65-9542-E1318FE9D8E4}
	EndGlobalSection
EndGlobal
