
Microsoft Visual Studio Solution File, Format Version 12.00
# Visual Studio Version 17
VisualStudioVersion = 17.1.32228.430
MinimumVisualStudioVersion = 10.0.40219.1
Project("{9A19103F-16F7-4668-BE54-9A1E7A4F7556}") = "Kafka_Publisher", "Kafka_Publisher\Kafka_Publisher.csproj", "{2758ADFA-3BD6-4140-88F0-F01EDA42E250}"
EndProject
Project("{FAE04EC0-301F-11D3-BF4B-00C04F79EFBC}") = "Kafka_Consumer", "Kafka_Consumer\Kafka_Consumer.csproj", "{AE620279-6B72-4F89-B9C8-D13CB0910955}"
EndProject
Global
	GlobalSection(SolutionConfigurationPlatforms) = preSolution
		Debug|Any CPU = Debug|Any CPU
		Release|Any CPU = Release|Any CPU
	EndGlobalSection
	GlobalSection(ProjectConfigurationPlatforms) = postSolution
		{2758ADFA-3BD6-4140-88F0-F01EDA42E250}.Debug|Any CPU.ActiveCfg = Debug|Any CPU
		{2758ADFA-3BD6-4140-88F0-F01EDA42E250}.Debug|Any CPU.Build.0 = Debug|Any CPU
		{2758ADFA-3BD6-4140-88F0-F01EDA42E250}.Release|Any CPU.ActiveCfg = Release|Any CPU
		{2758ADFA-3BD6-4140-88F0-F01EDA42E250}.Release|Any CPU.Build.0 = Release|Any CPU
		{AE620279-6B72-4F89-B9C8-D13CB0910955}.Debug|Any CPU.ActiveCfg = Debug|Any CPU
		{AE620279-6B72-4F89-B9C8-D13CB0910955}.Debug|Any CPU.Build.0 = Debug|Any CPU
		{AE620279-6B72-4F89-B9C8-D13CB0910955}.Release|Any CPU.ActiveCfg = Release|Any CPU
		{AE620279-6B72-4F89-B9C8-D13CB0910955}.Release|Any CPU.Build.0 = Release|Any CPU
	EndGlobalSection
	GlobalSection(SolutionProperties) = preSolution
		HideSolutionNode = FALSE
	EndGlobalSection
	GlobalSection(ExtensibilityGlobals) = postSolution
		SolutionGuid = {A12B8F28-95AF-4CCD-9B31-C0399F8E9B27}
	EndGlobalSection
EndGlobal
